
Microsoft Visual Studio Solution File, Format Version 12.00
# Visual Studio Version 16
VisualStudioVersion = 16.0.30413.136
MinimumVisualStudioVersion = 10.0.40219.1
Project("{FAE04EC0-301F-11D3-BF4B-00C04F79EFBC}") = "Ejercicio1", "Ejercicio1\Ejercicio1.csproj", "{3F49C1D7-EFBD-4797-B451-C19442C90B19}"
EndProject
Project("{FAE04EC0-301F-11D3-BF4B-00C04F79EFBC}") = "Facultad.Library", "..\Facultad.Library\Facultad.Library.csproj", "{DA649826-2576-41F3-8284-08FC2B7E4CAD}"
EndProject
Project("{FAE04EC0-301F-11D3-BF4B-00C04F79EFBC}") = "Facultad", "..\Facultad\Facultad.csproj", "{4B45C3D8-BC0B-43BA-9BEE-2972386CA2E4}"
EndProject
Global
	GlobalSection(SolutionConfigurationPlatforms) = preSolution
		Debug|Any CPU = Debug|Any CPU
		Release|Any CPU = Release|Any CPU
	EndGlobalSection
	GlobalSection(ProjectConfigurationPlatforms) = postSolution
		{3F49C1D7-EFBD-4797-B451-C19442C90B19}.Debug|Any CPU.ActiveCfg = Debug|Any CPU
		{3F49C1D7-EFBD-4797-B451-C19442C90B19}.Debug|Any CPU.Build.0 = Debug|Any CPU
		{3F49C1D7-EFBD-4797-B451-C19442C90B19}.Release|Any CPU.ActiveCfg = Release|Any CPU
		{3F49C1D7-EFBD-4797-B451-C19442C90B19}.Release|Any CPU.Build.0 = Release|Any CPU
		{DA649826-2576-41F3-8284-08FC2B7E4CAD}.Debug|Any CPU.ActiveCfg = Debug|Any CPU
		{DA649826-2576-41F3-8284-08FC2B7E4CAD}.Debug|Any CPU.Build.0 = Debug|Any CPU
		{DA649826-2576-41F3-8284-08FC2B7E4CAD}.Release|Any CPU.ActiveCfg = Release|Any CPU
		{DA649826-2576-41F3-8284-08FC2B7E4CAD}.Release|Any CPU.Build.0 = Release|Any CPU
		{4B45C3D8-BC0B-43BA-9BEE-2972386CA2E4}.Debug|Any CPU.ActiveCfg = Debug|Any CPU
		{4B45C3D8-BC0B-43BA-9BEE-2972386CA2E4}.Debug|Any CPU.Build.0 = Debug|Any CPU
		{4B45C3D8-BC0B-43BA-9BEE-2972386CA2E4}.Release|Any CPU.ActiveCfg = Release|Any CPU
		{4B45C3D8-BC0B-43BA-9BEE-2972386CA2E4}.Release|Any CPU.Build.0 = Release|Any CPU
	EndGlobalSection
	GlobalSection(SolutionProperties) = preSolution
		HideSolutionNode = FALSE
	EndGlobalSection
	GlobalSection(ExtensibilityGlobals) = postSolution
		SolutionGuid = {59338F77-3076-4BA8-98A4-B8ED8B327B8F}
	EndGlobalSection
EndGlobal
